
Microsoft Visual Studio Solution File, Format Version 12.00
# Visual Studio Version 17
VisualStudioVersion = 17.2.32602.215
MinimumVisualStudioVersion = 10.0.40219.1
Project("{2150E333-8FDC-42A3-9474-1A3956D46DE8}") = "src", "src", "{DAED9D8F-73E9-478B-AFC6-115AD62C4A3C}"
EndProject
Project("{2150E333-8FDC-42A3-9474-1A3956D46DE8}") = "tests", "tests", "{DC6B11DA-F8DF-4249-A9C4-7FB9C782406C}"
EndProject
Project("{9A19103F-16F7-4668-BE54-9A1E7A4F7556}") = "Presentation", "src\Presentation\Presentation.csproj", "{B3E27A8C-E217-40C7-A874-CE88ED0111F2}"
EndProject
Project("{2150E333-8FDC-42A3-9474-1A3956D46DE8}") = "1 - Presentation", "1 - Presentation", "{D8F0F7FF-7A40-41BE-B464-A88F25FFDA3A}"
EndProject
Project("{9A19103F-16F7-4668-BE54-9A1E7A4F7556}") = "Presentation.Dto", "src\Presentation.Dto\Presentation.Dto.csproj", "{C59890C2-609F-4600-A1B2-B4D5B27C3A70}"
EndProject
Project("{2150E333-8FDC-42A3-9474-1A3956D46DE8}") = "2 - Application", "2 - Application", "{B0118309-BB0C-4B8F-81FB-4A95668B8BA6}"
EndProject
Project("{9A19103F-16F7-4668-BE54-9A1E7A4F7556}") = "Application.Services", "src\Application.Services\Application.Services.csproj", "{6DC2C5B0-BBF7-4218-8B13-568743AA245B}"
EndProject
Project("{9A19103F-16F7-4668-BE54-9A1E7A4F7556}") = "Application.Dto", "src\Application.Dto\Application.Dto.csproj", "{CE0A8AB6-C642-447A-B25A-3AAB8AD3D7C8}"
EndProject
Project("{2150E333-8FDC-42A3-9474-1A3956D46DE8}") = "3 - Domain", "3 - Domain", "{2450E498-1F9F-43D7-8E50-1D48AC3A8AFD}"
EndProject
Project("{9A19103F-16F7-4668-BE54-9A1E7A4F7556}") = "Domain.Core", "src\Domain.Core\Domain.Core.csproj", "{6329A6F7-40AC-410F-B98B-DE33AEAEF48C}"
EndProject
Project("{9A19103F-16F7-4668-BE54-9A1E7A4F7556}") = "Domain.Model", "src\Domain.Model\Domain.Model.csproj", "{263661B7-DC65-47D6-9835-FD47A8542DE3}"
EndProject
Project("{2150E333-8FDC-42A3-9474-1A3956D46DE8}") = "4 - Gateway", "4 - Gateway", "{0CC4E686-F16A-43A0-814B-9F1557D14193}"
EndProject
Project("{2150E333-8FDC-42A3-9474-1A3956D46DE8}") = "5 - Infrastructure", "5 - Infrastructure", "{91801B51-6F02-4D71-8E45-D63F6FEAAD1B}"
EndProject
Project("{9A19103F-16F7-4668-BE54-9A1E7A4F7556}") = "Gateway.AcquiringBank", "src\Gateway.AcquiringBank\Gateway.AcquiringBank.csproj", "{8CE85617-A53B-4A76-B536-617D244E0486}"
EndProject
Project("{9A19103F-16F7-4668-BE54-9A1E7A4F7556}") = "Gateway.MongoDB", "src\Gateway.MongoDB\Gateway.MongoDB.csproj", "{EBE5E8A7-3782-4C89-848D-4770410FD4E6}"
EndProject
Project("{9A19103F-16F7-4668-BE54-9A1E7A4F7556}") = "Infrastructure.CrossCutting", "src\Infrastructure.CrossCutting\Infrastructure.CrossCutting.csproj", "{20102F70-7B7D-4C77-BCB9-65D85E9D4BE7}"
EndProject
Global
	GlobalSection(SolutionConfigurationPlatforms) = preSolution
		Debug|Any CPU = Debug|Any CPU
		Release|Any CPU = Release|Any CPU
	EndGlobalSection
	GlobalSection(ProjectConfigurationPlatforms) = postSolution
		{B3E27A8C-E217-40C7-A874-CE88ED0111F2}.Debug|Any CPU.ActiveCfg = Debug|Any CPU
		{B3E27A8C-E217-40C7-A874-CE88ED0111F2}.Debug|Any CPU.Build.0 = Debug|Any CPU
		{B3E27A8C-E217-40C7-A874-CE88ED0111F2}.Release|Any CPU.ActiveCfg = Release|Any CPU
		{B3E27A8C-E217-40C7-A874-CE88ED0111F2}.Release|Any CPU.Build.0 = Release|Any CPU
		{C59890C2-609F-4600-A1B2-B4D5B27C3A70}.Debug|Any CPU.ActiveCfg = Debug|Any CPU
		{C59890C2-609F-4600-A1B2-B4D5B27C3A70}.Debug|Any CPU.Build.0 = Debug|Any CPU
		{C59890C2-609F-4600-A1B2-B4D5B27C3A70}.Release|Any CPU.ActiveCfg = Release|Any CPU
		{C59890C2-609F-4600-A1B2-B4D5B27C3A70}.Release|Any CPU.Build.0 = Release|Any CPU
		{6DC2C5B0-BBF7-4218-8B13-568743AA245B}.Debug|Any CPU.ActiveCfg = Debug|Any CPU
		{6DC2C5B0-BBF7-4218-8B13-568743AA245B}.Debug|Any CPU.Build.0 = Debug|Any CPU
		{6DC2C5B0-BBF7-4218-8B13-568743AA245B}.Release|Any CPU.ActiveCfg = Release|Any CPU
		{6DC2C5B0-BBF7-4218-8B13-568743AA245B}.Release|Any CPU.Build.0 = Release|Any CPU
		{CE0A8AB6-C642-447A-B25A-3AAB8AD3D7C8}.Debug|Any CPU.ActiveCfg = Debug|Any CPU
		{CE0A8AB6-C642-447A-B25A-3AAB8AD3D7C8}.Debug|Any CPU.Build.0 = Debug|Any CPU
		{CE0A8AB6-C642-447A-B25A-3AAB8AD3D7C8}.Release|Any CPU.ActiveCfg = Release|Any CPU
		{CE0A8AB6-C642-447A-B25A-3AAB8AD3D7C8}.Release|Any CPU.Build.0 = Release|Any CPU
		{6329A6F7-40AC-410F-B98B-DE33AEAEF48C}.Debug|Any CPU.ActiveCfg = Debug|Any CPU
		{6329A6F7-40AC-410F-B98B-DE33AEAEF48C}.Debug|Any CPU.Build.0 = Debug|Any CPU
		{6329A6F7-40AC-410F-B98B-DE33AEAEF48C}.Release|Any CPU.ActiveCfg = Release|Any CPU
		{6329A6F7-40AC-410F-B98B-DE33AEAEF48C}.Release|Any CPU.Build.0 = Release|Any CPU
		{263661B7-DC65-47D6-9835-FD47A8542DE3}.Debug|Any CPU.ActiveCfg = Debug|Any CPU
		{263661B7-DC65-47D6-9835-FD47A8542DE3}.Debug|Any CPU.Build.0 = Debug|Any CPU
		{263661B7-DC65-47D6-9835-FD47A8542DE3}.Release|Any CPU.ActiveCfg = Release|Any CPU
		{263661B7-DC65-47D6-9835-FD47A8542DE3}.Release|Any CPU.Build.0 = Release|Any CPU
		{8CE85617-A53B-4A76-B536-617D244E0486}.Debug|Any CPU.ActiveCfg = Debug|Any CPU
		{8CE85617-A53B-4A76-B536-617D244E0486}.Debug|Any CPU.Build.0 = Debug|Any CPU
		{8CE85617-A53B-4A76-B536-617D244E0486}.Release|Any CPU.ActiveCfg = Release|Any CPU
		{8CE85617-A53B-4A76-B536-617D244E0486}.Release|Any CPU.Build.0 = Release|Any CPU
		{EBE5E8A7-3782-4C89-848D-4770410FD4E6}.Debug|Any CPU.ActiveCfg = Debug|Any CPU
		{EBE5E8A7-3782-4C89-848D-4770410FD4E6}.Debug|Any CPU.Build.0 = Debug|Any CPU
		{EBE5E8A7-3782-4C89-848D-4770410FD4E6}.Release|Any CPU.ActiveCfg = Release|Any CPU
		{EBE5E8A7-3782-4C89-848D-4770410FD4E6}.Release|Any CPU.Build.0 = Release|Any CPU
		{20102F70-7B7D-4C77-BCB9-65D85E9D4BE7}.Debug|Any CPU.ActiveCfg = Debug|Any CPU
		{20102F70-7B7D-4C77-BCB9-65D85E9D4BE7}.Debug|Any CPU.Build.0 = Debug|Any CPU
		{20102F70-7B7D-4C77-BCB9-65D85E9D4BE7}.Release|Any CPU.ActiveCfg = Release|Any CPU
		{20102F70-7B7D-4C77-BCB9-65D85E9D4BE7}.Release|Any CPU.Build.0 = Release|Any CPU
	EndGlobalSection
	GlobalSection(SolutionProperties) = preSolution
		HideSolutionNode = FALSE
	EndGlobalSection
	GlobalSection(NestedProjects) = preSolution
		{B3E27A8C-E217-40C7-A874-CE88ED0111F2} = {D8F0F7FF-7A40-41BE-B464-A88F25FFDA3A}
		{D8F0F7FF-7A40-41BE-B464-A88F25FFDA3A} = {DAED9D8F-73E9-478B-AFC6-115AD62C4A3C}
		{C59890C2-609F-4600-A1B2-B4D5B27C3A70} = {D8F0F7FF-7A40-41BE-B464-A88F25FFDA3A}
		{B0118309-BB0C-4B8F-81FB-4A95668B8BA6} = {DAED9D8F-73E9-478B-AFC6-115AD62C4A3C}
		{6DC2C5B0-BBF7-4218-8B13-568743AA245B} = {B0118309-BB0C-4B8F-81FB-4A95668B8BA6}
		{CE0A8AB6-C642-447A-B25A-3AAB8AD3D7C8} = {B0118309-BB0C-4B8F-81FB-4A95668B8BA6}
		{2450E498-1F9F-43D7-8E50-1D48AC3A8AFD} = {DAED9D8F-73E9-478B-AFC6-115AD62C4A3C}
		{6329A6F7-40AC-410F-B98B-DE33AEAEF48C} = {2450E498-1F9F-43D7-8E50-1D48AC3A8AFD}
		{263661B7-DC65-47D6-9835-FD47A8542DE3} = {2450E498-1F9F-43D7-8E50-1D48AC3A8AFD}
		{0CC4E686-F16A-43A0-814B-9F1557D14193} = {DAED9D8F-73E9-478B-AFC6-115AD62C4A3C}
		{91801B51-6F02-4D71-8E45-D63F6FEAAD1B} = {DAED9D8F-73E9-478B-AFC6-115AD62C4A3C}
		{8CE85617-A53B-4A76-B536-617D244E0486} = {0CC4E686-F16A-43A0-814B-9F1557D14193}
		{EBE5E8A7-3782-4C89-848D-4770410FD4E6} = {0CC4E686-F16A-43A0-814B-9F1557D14193}
		{20102F70-7B7D-4C77-BCB9-65D85E9D4BE7} = {91801B51-6F02-4D71-8E45-D63F6FEAAD1B}
	EndGlobalSection
	GlobalSection(ExtensibilityGlobals) = postSolution
		SolutionGuid = {CA870D91-C387-497A-B5D0-3BCB4B12C047}
	EndGlobalSection
EndGlobal
